
Microsoft Visual Studio Solution File, Format Version 12.00
# Visual Studio 15
VisualStudioVersion = 15.0.27004.2006
MinimumVisualStudioVersion = 10.0.40219.1
Project("{9A19103F-16F7-4668-BE54-9A1E7A4F7556}") = "BrighterOnAspNetCore", "BrighterOnAspNetCore\BrighterOnAspNetCore.csproj", "{7F4327D7-A644-4E51-B15F-BD478BE4039C}"
EndProject
Project("{9A19103F-16F7-4668-BE54-9A1E7A4F7556}") = "Domain", "Domain\Domain.csproj", "{795840A0-E6CD-49AD-80DC-9145009E6911}"
EndProject
Global
	GlobalSection(SolutionConfigurationPlatforms) = preSolution
		Debug|Any CPU = Debug|Any CPU
		Release|Any CPU = Release|Any CPU
	EndGlobalSection
	GlobalSection(ProjectConfigurationPlatforms) = postSolution
		{7F4327D7-A644-4E51-B15F-BD478BE4039C}.Debug|Any CPU.ActiveCfg = Debug|Any CPU
		{7F4327D7-A644-4E51-B15F-BD478BE4039C}.Debug|Any CPU.Build.0 = Debug|Any CPU
		{7F4327D7-A644-4E51-B15F-BD478BE4039C}.Release|Any CPU.ActiveCfg = Release|Any CPU
		{7F4327D7-A644-4E51-B15F-BD478BE4039C}.Release|Any CPU.Build.0 = Release|Any CPU
		{795840A0-E6CD-49AD-80DC-9145009E6911}.Debug|Any CPU.ActiveCfg = Debug|Any CPU
		{795840A0-E6CD-49AD-80DC-9145009E6911}.Debug|Any CPU.Build.0 = Debug|Any CPU
		{795840A0-E6CD-49AD-80DC-9145009E6911}.Release|Any CPU.ActiveCfg = Release|Any CPU
		{795840A0-E6CD-49AD-80DC-9145009E6911}.Release|Any CPU.Build.0 = Release|Any CPU
	EndGlobalSection
	GlobalSection(SolutionProperties) = preSolution
		HideSolutionNode = FALSE
	EndGlobalSection
	GlobalSection(ExtensibilityGlobals) = postSolution
		SolutionGuid = {9DB07919-A4C0-4192-9B7B-5AB86BD7CA95}
	EndGlobalSection
EndGlobal
